
Microsoft Visual Studio Solution File, Format Version 12.00
# Visual Studio Version 17
VisualStudioVersion = 17.7.34221.43
MinimumVisualStudioVersion = 10.0.40219.1
Project("{FAE04EC0-301F-11D3-BF4B-00C04F79EFBC}") = "Laboratorna 4", "Laboratorna 4\Laboratorna 4.csproj", "{30C93DBB-718E-4D18-B515-4BF2CBE2FB93}"
EndProject
Global
	GlobalSection(SolutionConfigurationPlatforms) = preSolution
		Debug|Any CPU = Debug|Any CPU
		Release|Any CPU = Release|Any CPU
	EndGlobalSection
	GlobalSection(ProjectConfigurationPlatforms) = postSolution
		{30C93DBB-718E-4D18-B515-4BF2CBE2FB93}.Debug|Any CPU.ActiveCfg = Debug|Any CPU
		{30C93DBB-718E-4D18-B515-4BF2CBE2FB93}.Debug|Any CPU.Build.0 = Debug|Any CPU
		{30C93DBB-718E-4D18-B515-4BF2CBE2FB93}.Release|Any CPU.ActiveCfg = Release|Any CPU
		{30C93DBB-718E-4D18-B515-4BF2CBE2FB93}.Release|Any CPU.Build.0 = Release|Any CPU
	EndGlobalSection
	GlobalSection(SolutionProperties) = preSolution
		HideSolutionNode = FALSE
	EndGlobalSection
	GlobalSection(ExtensibilityGlobals) = postSolution
		SolutionGuid = {ED20D5D1-C3AD-4AAB-9EB2-5AF6E823659D}
	EndGlobalSection
EndGlobal
